# This file is automatically @generated by Cargo.
# It is not intended for manual editing.
version = 3

[[package]]
name = "nexus-cli"
version = "0.1.0"
dependencies = [
 "anyhow",
 "clap",
 "nexus-core",
 "termcolor",
 "tracing",
]

[[package]]
name = "nexus-core"
version = "0.1.0"
dependencies = [
 "anyhow",
 "tracing",
]

# Dependencies will be auto-generated by cargo
